{
  "name": "language-server-mule",
  "version": "1.0.0",
  "lockfileVersion": 2,
  "requires": true,
  "packages": {
    "": {
      "version": "1.0.0",
      "license": "MIT",
      "devDependencies": {
        "reason-nodejs": "github:banacorn/reason-nodejs#adece71",
        "reason-promise": "^1.1.4",
        "rescript": "^9.1.4"
      }
    },
    "node_modules/bs-platform": {
      "version": "9.0.2",
      "resolved": "https://registry.npmjs.org/bs-platform/-/bs-platform-9.0.2.tgz",
      "integrity": "sha512-Ye9JqJ4Oa7mcjjoOVRYI8Uc2Cf8N7jQLWDcdUplY7996d/YErSR7WitmV7XnSwr4EvdrbwjEsg1NxNjUQv3ChA==",
      "dev": true,
      "hasInstallScript": true,
      "peer": true,
      "bin": {
        "bsb": "bsb",
        "bsc": "bsc",
        "bsrefmt": "bsrefmt",
        "bstracing": "lib/bstracing"
      }
    },
    "node_modules/reason-nodejs": {
      "version": "13.0.0-beta.2",
      "resolved": "git+ssh://git@github.com/banacorn/reason-nodejs.git#adece71b7ba95258ad183a1cd2397f9392bddbec",
      "dev": true,
      "license": "MIT"
    },
    "node_modules/reason-promise": {
      "version": "1.1.4",
      "resolved": "https://registry.npmjs.org/reason-promise/-/reason-promise-1.1.4.tgz",
      "integrity": "sha512-oBcFLfsENRE5Ev1M0YjiOswR9wrFKZ4klgdBHVF7ISg8sdB4999UuNZhwZaz9gJ6cwtROgYU6ihKVJYxtDHjDg==",
      "dev": true,
      "peerDependencies": {
        "bs-platform": ">= 7.0.0"
      }
    },
    "node_modules/rescript": {
      "version": "9.1.4",
      "resolved": "https://registry.npmjs.org/rescript/-/rescript-9.1.4.tgz",
      "integrity": "sha512-aXANK4IqecJzdnDpJUsU6pxMViCR5ogAxzuqS0mOr8TloMnzAjJFu63fjD6LCkWrKAhlMkFFzQvVQYaAaVkFXw==",
      "dev": true,
      "hasInstallScript": true,
      "license": "SEE LICENSE IN LICENSE",
      "bin": {
        "bsc": "bsc",
        "bsrefmt": "bsrefmt",
        "bstracing": "lib/bstracing",
        "rescript": "rescript"
      }
    }
  },
  "dependencies": {
    "bs-platform": {
      "version": "9.0.2",
      "resolved": "https://registry.npmjs.org/bs-platform/-/bs-platform-9.0.2.tgz",
      "integrity": "sha512-Ye9JqJ4Oa7mcjjoOVRYI8Uc2Cf8N7jQLWDcdUplY7996d/YErSR7WitmV7XnSwr4EvdrbwjEsg1NxNjUQv3ChA==",
      "dev": true,
      "peer": true
    },
    "reason-nodejs": {
      "version": "git+ssh://git@github.com/banacorn/reason-nodejs.git#adece71b7ba95258ad183a1cd2397f9392bddbec",
      "dev": true,
      "from": "reason-nodejs@github:banacorn/reason-nodejs#adece71"
    },
    "reason-promise": {
      "version": "1.1.4",
      "resolved": "https://registry.npmjs.org/reason-promise/-/reason-promise-1.1.4.tgz",
      "integrity": "sha512-oBcFLfsENRE5Ev1M0YjiOswR9wrFKZ4klgdBHVF7ISg8sdB4999UuNZhwZaz9gJ6cwtROgYU6ihKVJYxtDHjDg==",
      "dev": true,
      "requires": {}
    },
    "rescript": {
      "version": "9.1.4",
      "resolved": "https://registry.npmjs.org/rescript/-/rescript-9.1.4.tgz",
      "integrity": "sha512-aXANK4IqecJzdnDpJUsU6pxMViCR5ogAxzuqS0mOr8TloMnzAjJFu63fjD6LCkWrKAhlMkFFzQvVQYaAaVkFXw==",
      "dev": true
    }
  }
}
